
Microsoft Visual Studio Solution File, Format Version 12.00
# Visual Studio 15
VisualStudioVersion = 15.0.26403.7
MinimumVisualStudioVersion = 10.0.40219.1
Project("{FAE04EC0-301F-11D3-BF4B-00C04F79EFBC}") = "ASL-Scripts", "ASL-Scripts\ASL-Scripts.csproj", "{C2524264-48B6-4007-AB9C-EAF72CB040C3}"
EndProject
Project("{2150E333-8FDC-42A3-9474-1A3956D46DE8}") = "Solution Items", "Solution Items", "{B40D246E-3ADE-424C-AF69-A035CE0F2560}"
	ProjectSection(SolutionItems) = preProject
		README.md = README.md
	EndProjectSection
EndProject
Global
	GlobalSection(SolutionConfigurationPlatforms) = preSolution
		INFRA|Any CPU = INFRA|Any CPU
		TM2|Any CPU = TM2|Any CPU
		TMNF|Any CPU = TMNF|Any CPU
		TURBO|Any CPU = TURBO|Any CPU
	EndGlobalSection
	GlobalSection(ProjectConfigurationPlatforms) = postSolution
		{C2524264-48B6-4007-AB9C-EAF72CB040C3}.INFRA|Any CPU.ActiveCfg = INFRA|Any CPU
		{C2524264-48B6-4007-AB9C-EAF72CB040C3}.INFRA|Any CPU.Build.0 = INFRA|Any CPU
		{C2524264-48B6-4007-AB9C-EAF72CB040C3}.TM2|Any CPU.ActiveCfg = TM2|Any CPU
		{C2524264-48B6-4007-AB9C-EAF72CB040C3}.TM2|Any CPU.Build.0 = TM2|Any CPU
		{C2524264-48B6-4007-AB9C-EAF72CB040C3}.TMNF|Any CPU.ActiveCfg = TMNF|Any CPU
		{C2524264-48B6-4007-AB9C-EAF72CB040C3}.TMNF|Any CPU.Build.0 = TMNF|Any CPU
		{C2524264-48B6-4007-AB9C-EAF72CB040C3}.TURBO|Any CPU.ActiveCfg = TURBO|Any CPU
	EndGlobalSection
	GlobalSection(SolutionProperties) = preSolution
		HideSolutionNode = FALSE
	EndGlobalSection
EndGlobal
